PODS:
  - OpenTok (2.18.0)
  - OTAcceleratorCore (2.0.1):
    - OpenTok (= 2.18.0)
    - OTKAnalytics (= 2.1.2)
    - SVProgressHUD (= 2.2.5)
  - OTAnnotationAccelerator (1.0.0-beta4):
    - OTAcceleratorCore (= 2.0.1)
  - OTKAnalytics (2.1.2)
  - OTTextChatAccelerator (2.0.1):
    - OTAcceleratorCore (~> 2.0.1)
  - SVProgressHUD (2.2.5)

DEPENDENCIES:
  - OTAcceleratorCore (~> 2.0.1)
  - OTAnnotationAccelerator (~> 1.0.0-beta4)
  - OTTextChatAccelerator (from `https://github.com/opentok/accelerator-textchat-ios.git`)
  - SVProgressHUD (~> 2.2.5)

SPEC REPOS:
  trunk:
    - OpenTok
    - OTAcceleratorCore
    - OTAnnotationAccelerator
    - OTKAnalytics
    - SVProgressHUD

EXTERNAL SOURCES:
  OTTextChatAccelerator:
    :git: https://github.com/opentok/accelerator-textchat-ios.git

CHECKOUT OPTIONS:
  OTTextChatAccelerator:
    :commit: f36fffad659c4521d1a6f79c2176f86b558ec4b8
    :git: https://github.com/opentok/accelerator-textchat-ios.git

SPEC CHECKSUMS:
  OpenTok: bf4c81ff741e7976542c61b8f317882f8076eede
  OTAcceleratorCore: 345f45ef7ee118d532d1173ec2c2ee2be7ba68e9
  OTAnnotationAccelerator: c54016ef370e8b0270a16c8d3044909e7b432707
  OTKAnalytics: 2de2f8971b5af7f313882ada0b1eae25104296f4
  OTTextChatAccelerator: 51e615465877ad6d79fa0b076ce0e6fd8598a9a4
  SVProgressHUD: 1428aafac632c1f86f62aa4243ec12008d7a51d6

PODFILE CHECKSUM: aca75e956ef50841bb47d50ca82a55f61105a20b

COCOAPODS: 1.10.0.rc.1
