PODS:
  - OpenTok (2.18.0)
  - OTAcceleratorCore (2.0.1):
    - OpenTok (= 2.18.0)
    - OTKAnalytics (= 2.1.2)
    - SVProgressHUD (= 2.2.5)
  - OTAnnotationAccelerator (1.0.0-beta4):
    - OTAcceleratorCore (= 2.0.1)
  - OTKAnalytics (2.1.2)
  - OTTextChatAccelerator (2.0.1):
    - OTAcceleratorCore (~> 2.0.1)
  - SVProgressHUD (2.2.5)

DEPENDENCIES:
  - OTAcceleratorCore (~> 2.0.1)
  - OTAnnotationAccelerator (~> 1.0.0-beta4)
  - OTTextChatAccelerator (~> 2.0.1)
  - SVProgressHUD (~> 2.2.5)

SPEC REPOS:
  trunk:
    - OpenTok
    - OTAcceleratorCore
    - OTAnnotationAccelerator
    - OTKAnalytics
    - OTTextChatAccelerator
    - SVProgressHUD

SPEC CHECKSUMS:
  OpenTok: bf4c81ff741e7976542c61b8f317882f8076eede
  OTAcceleratorCore: 345f45ef7ee118d532d1173ec2c2ee2be7ba68e9
  OTAnnotationAccelerator: c54016ef370e8b0270a16c8d3044909e7b432707
  OTKAnalytics: 2de2f8971b5af7f313882ada0b1eae25104296f4
  OTTextChatAccelerator: 51e615465877ad6d79fa0b076ce0e6fd8598a9a4
  SVProgressHUD: 1428aafac632c1f86f62aa4243ec12008d7a51d6

PODFILE CHECKSUM: f669f6bb67828e7b34bb7d2df9d33bc0fc41263e

COCOAPODS: 1.10.0.rc.1
